// !$*UTF8*$!
{
	archiveVersion = 1;
	classes = {
	};
	objectVersion = 46;
	objects = {

/* Begin PBXBuildFile section */
		24B8E1EA28A58C958313A05C /* Pods_HipaaHealthyTests.framework in Frameworks */ = {isa = PBXBuildFile; fileRef = 9CF02B1BFD65A4157AFD8EAF /* Pods_HipaaHealthyTests.framework */; };
		4611800D1E40066600F4FCFC /* Routes.swift in Sources */ = {isa = PBXBuildFile; fileRef = 4611800C1E40066600F4FCFC /* Routes.swift */; };
		4615EFF81E47B302005D46DB /* ResponseUserVerifyTokenModel.swift in Sources */ = {isa = PBXBuildFile; fileRef = 4615EFF71E47B302005D46DB /* ResponseUserVerifyTokenModel.swift */; };
		461734F81E43F0E200F6546E /* open-sans in Resources */ = {isa = PBXBuildFile; fileRef = 461734F71E43F0E200F6546E /* open-sans */; };
		461734FE1E43F47E00F6546E /* UIImageView.swift in Sources */ = {isa = PBXBuildFile; fileRef = 461734FD1E43F47D00F6546E /* UIImageView.swift */; };
		462317B81E4B538B00152CAA /* ContainerViewController.swift in Sources */ = {isa = PBXBuildFile; fileRef = 462317B71E4B538B00152CAA /* ContainerViewController.swift */; };
		462317BC1E4B683B00152CAA /* LeftPanelViewController.swift in Sources */ = {isa = PBXBuildFile; fileRef = 462317BB1E4B683B00152CAA /* LeftPanelViewController.swift */; };
		464E90F41E46782E00648F66 /* CenterViewController.swift in Sources */ = {isa = PBXBuildFile; fileRef = 464E90F31E46782E00648F66 /* CenterViewController.swift */; };
		464E90F61E46790C00648F66 /* Storyboard.swift in Sources */ = {isa = PBXBuildFile; fileRef = 464E90F51E46790C00648F66 /* Storyboard.swift */; };
		464EDC2B1E3FF37D0043402B /* AppDelegate.swift in Sources */ = {isa = PBXBuildFile; fileRef = 464EDC2A1E3FF37D0043402B /* AppDelegate.swift */; };
		464EDC2D1E3FF37D0043402B /* LoginViewController.swift in Sources */ = {isa = PBXBuildFile; fileRef = 464EDC2C1E3FF37D0043402B /* LoginViewController.swift */; };
		464EDC301E3FF37D0043402B /* Main.storyboard in Resources */ = {isa = PBXBuildFile; fileRef = 464EDC2E1E3FF37D0043402B /* Main.storyboard */; };
		464EDC321E3FF37D0043402B /* Assets.xcassets in Resources */ = {isa = PBXBuildFile; fileRef = 464EDC311E3FF37D0043402B /* Assets.xcassets */; };
		464EDC351E3FF37D0043402B /* LaunchScreen.storyboard in Resources */ = {isa = PBXBuildFile; fileRef = 464EDC331E3FF37D0043402B /* LaunchScreen.storyboard */; };
		464EDC401E3FF37D0043402B /* HipaaHealthyTests.swift in Sources */ = {isa = PBXBuildFile; fileRef = 464EDC3F1E3FF37D0043402B /* HipaaHealthyTests.swift */; };
		464EDC4B1E3FF37D0043402B /* HipaaHealthyUITests.swift in Sources */ = {isa = PBXBuildFile; fileRef = 464EDC4A1E3FF37D0043402B /* HipaaHealthyUITests.swift */; };
		4674A7891E3FFF91005A8BB4 /* NetService.swift in Sources */ = {isa = PBXBuildFile; fileRef = 4674A7881E3FFF91005A8BB4 /* NetService.swift */; };
		4674A78E1E400039005A8BB4 /* Request.swift in Sources */ = {isa = PBXBuildFile; fileRef = 4674A78D1E400039005A8BB4 /* Request.swift */; };
		4674A7901E400111005A8BB4 /* App.swift in Sources */ = {isa = PBXBuildFile; fileRef = 4674A78F1E400111005A8BB4 /* App.swift */; };
		4674A7941E4002C4005A8BB4 /* RoutingCoordinator.swift in Sources */ = {isa = PBXBuildFile; fileRef = 4674A7931E4002C4005A8BB4 /* RoutingCoordinator.swift */; };
		4674A7961E4002EC005A8BB4 /* Route.swift in Sources */ = {isa = PBXBuildFile; fileRef = 4674A7951E4002EC005A8BB4 /* Route.swift */; };
		468CB3D21E463031009EA94D /* LoginViewModel.swift in Sources */ = {isa = PBXBuildFile; fileRef = 468CB3D11E463031009EA94D /* LoginViewModel.swift */; };
		4698F8911E43248A00F09A82 /* ResponseResultsUserPermissionUserModel.swift in Sources */ = {isa = PBXBuildFile; fileRef = 4698F8901E43248900F09A82 /* ResponseResultsUserPermissionUserModel.swift */; };
		4698F8951E43489300F09A82 /* AuthenticationService.swift in Sources */ = {isa = PBXBuildFile; fileRef = 4698F8941E43489300F09A82 /* AuthenticationService.swift */; };
		4698F8981E434B0D00F09A82 /* ResponseUserLoginModel.swift in Sources */ = {isa = PBXBuildFile; fileRef = 4698F8971E434B0D00F09A82 /* ResponseUserLoginModel.swift */; };
		4698F89A1E434C8500F09A82 /* CurrentUserModel.swift in Sources */ = {isa = PBXBuildFile; fileRef = 4698F8991E434C8500F09A82 /* CurrentUserModel.swift */; };
		4698F89D1E435B5200F09A82 /* UserModel.swift in Sources */ = {isa = PBXBuildFile; fileRef = 4698F89C1E435B5200F09A82 /* UserModel.swift */; };
		4698F89F1E435F3000F09A82 /* UserPermissionModel.swift in Sources */ = {isa = PBXBuildFile; fileRef = 4698F89E1E435F3000F09A82 /* UserPermissionModel.swift */; };
		46996D791E40F4A000779076 /* ResponseResultsUserModel.swift in Sources */ = {isa = PBXBuildFile; fileRef = 46996D781E40F4A000779076 /* ResponseResultsUserModel.swift */; };
		469F5D1D1E40EB7100735C5A /* ResponseUserModel.swift in Sources */ = {isa = PBXBuildFile; fileRef = 469F5D1C1E40EB7100735C5A /* ResponseUserModel.swift */; };
		46D3521A1E44CD6200EB8703 /* HHTextFieldLogin.swift in Sources */ = {isa = PBXBuildFile; fileRef = 46D352191E44CD6200EB8703 /* HHTextFieldLogin.swift */; };
		46D3521C1E44E33100EB8703 /* HHColorPalette.swift in Sources */ = {isa = PBXBuildFile; fileRef = 46D3521B1E44E33100EB8703 /* HHColorPalette.swift */; };
		D09125EB92072E2CFF515B34 /* Pods_HipaaHealthyUITests.framework in Frameworks */ = {isa = PBXBuildFile; fileRef = 4064A507E78616614078C5BE /* Pods_HipaaHealthyUITests.framework */; };
		E1D4CF679D1C374D5AB6117F /* Pods_HipaaHealthy.framework in Frameworks */ = {isa = PBXBuildFile; fileRef = C56E20C328CB15AE8E003F0A /* Pods_HipaaHealthy.framework */; };
/* End PBXBuildFile section */

/* Begin PBXContainerItemProxy section */
		464EDC3C1E3FF37D0043402B /* PBXContainerItemProxy */ = {
			isa = PBXContainerItemProxy;
			containerPortal = 464EDC1F1E3FF37C0043402B /* Project object */;
			proxyType = 1;
			remoteGlobalIDString = 464EDC261E3FF37C0043402B;
			remoteInfo = HipaaHealthy;
		};
		464EDC471E3FF37D0043402B /* PBXContainerItemProxy */ = {
			isa = PBXContainerItemProxy;
			containerPortal = 464EDC1F1E3FF37C0043402B /* Project object */;
			proxyType = 1;
			remoteGlobalIDString = 464EDC261E3FF37C0043402B;
			remoteInfo = HipaaHealthy;
		};
/* End PBXContainerItemProxy section */

/* Begin PBXFileReference section */
		178698774D6D729252246B34 /* Pods-HipaaHealthyTests.release.xcconfig */ = {isa = PBXFileReference; includeInIndex = 1; lastKnownFileType = text.xcconfig; name = "Pods-HipaaHealthyTests.release.xcconfig"; path = "Pods/Target Support Files/Pods-HipaaHealthyTests/Pods-HipaaHealthyTests.release.xcconfig"; sourceTree = "<group>"; };
		4064A507E78616614078C5BE /* Pods_HipaaHealthyUITests.framework */ = {isa = PBXFileReference; explicitFileType = wrapper.framework; includeInIndex = 0; path = Pods_HipaaHealthyUITests.framework; sourceTree = BUILT_PRODUCTS_DIR; };
		4611800C1E40066600F4FCFC /* Routes.swift */ = {isa = PBXFileReference; fileEncoding = 4; lastKnownFileType = sourcecode.swift; path = Routes.swift; sourceTree = "<group>"; };
		4615EFF71E47B302005D46DB /* ResponseUserVerifyTokenModel.swift */ = {isa = PBXFileReference; fileEncoding = 4; lastKnownFileType = sourcecode.swift; path = ResponseUserVerifyTokenModel.swift; sourceTree = "<group>"; };
		461734F71E43F0E200F6546E /* open-sans */ = {isa = PBXFileReference; lastKnownFileType = folder; name = "open-sans"; path = "Fonts/open-sans"; sourceTree = "<group>"; };
		461734FD1E43F47D00F6546E /* UIImageView.swift */ = {isa = PBXFileReference; fileEncoding = 4; lastKnownFileType = sourcecode.swift; path = UIImageView.swift; sourceTree = "<group>"; };
		462317B71E4B538B00152CAA /* ContainerViewController.swift */ = {isa = PBXFileReference; fileEncoding = 4; lastKnownFileType = sourcecode.swift; path = ContainerViewController.swift; sourceTree = "<group>"; };
		462317BB1E4B683B00152CAA /* LeftPanelViewController.swift */ = {isa = PBXFileReference; fileEncoding = 4; lastKnownFileType = sourcecode.swift; path = LeftPanelViewController.swift; sourceTree = "<group>"; };
		464E90F31E46782E00648F66 /* CenterViewController.swift */ = {isa = PBXFileReference; fileEncoding = 4; lastKnownFileType = sourcecode.swift; path = CenterViewController.swift; sourceTree = "<group>"; };
		464E90F51E46790C00648F66 /* Storyboard.swift */ = {isa = PBXFileReference; fileEncoding = 4; lastKnownFileType = sourcecode.swift; path = Storyboard.swift; sourceTree = "<group>"; };
		464EDC271E3FF37D0043402B /* HipaaHealthy.app */ = {isa = PBXFileReference; explicitFileType = wrapper.application; includeInIndex = 0; path = HipaaHealthy.app; sourceTree = BUILT_PRODUCTS_DIR; };
		464EDC2A1E3FF37D0043402B /* AppDelegate.swift */ = {isa = PBXFileReference; lastKnownFileType = sourcecode.swift; path = AppDelegate.swift; sourceTree = "<group>"; };
		464EDC2C1E3FF37D0043402B /* LoginViewController.swift */ = {isa = PBXFileReference; lastKnownFileType = sourcecode.swift; path = LoginViewController.swift; sourceTree = "<group>"; };
		464EDC2F1E3FF37D0043402B /* Base */ = {isa = PBXFileReference; lastKnownFileType = file.storyboard; name = Base; path = Base.lproj/Main.storyboard; sourceTree = "<group>"; };
		464EDC311E3FF37D0043402B /* Assets.xcassets */ = {isa = PBXFileReference; lastKnownFileType = folder.assetcatalog; path = Assets.xcassets; sourceTree = "<group>"; };
		464EDC341E3FF37D0043402B /* Base */ = {isa = PBXFileReference; lastKnownFileType = file.storyboard; name = Base; path = Base.lproj/LaunchScreen.storyboard; sourceTree = "<group>"; };
		464EDC361E3FF37D0043402B /* Info.plist */ = {isa = PBXFileReference; lastKnownFileType = text.plist.xml; path = Info.plist; sourceTree = "<group>"; };
		464EDC3B1E3FF37D0043402B /* HipaaHealthyTests.xctest */ = {isa = PBXFileReference; explicitFileType = wrapper.cfbundle; includeInIndex = 0; path = HipaaHealthyTests.xctest; sourceTree = BUILT_PRODUCTS_DIR; };
		464EDC3F1E3FF37D0043402B /* HipaaHealthyTests.swift */ = {isa = PBXFileReference; lastKnownFileType = sourcecode.swift; path = HipaaHealthyTests.swift; sourceTree = "<group>"; };
		464EDC411E3FF37D0043402B /* Info.plist */ = {isa = PBXFileReference; lastKnownFileType = text.plist.xml; path = Info.plist; sourceTree = "<group>"; };
		464EDC461E3FF37D0043402B /* HipaaHealthyUITests.xctest */ = {isa = PBXFileReference; explicitFileType = wrapper.cfbundle; includeInIndex = 0; path = HipaaHealthyUITests.xctest; sourceTree = BUILT_PRODUCTS_DIR; };
		464EDC4A1E3FF37D0043402B /* HipaaHealthyUITests.swift */ = {isa = PBXFileReference; lastKnownFileType = sourcecode.swift; path = HipaaHealthyUITests.swift; sourceTree = "<group>"; };
		464EDC4C1E3FF37D0043402B /* Info.plist */ = {isa = PBXFileReference; lastKnownFileType = text.plist.xml; path = Info.plist; sourceTree = "<group>"; };
		4674A7881E3FFF91005A8BB4 /* NetService.swift */ = {isa = PBXFileReference; fileEncoding = 4; lastKnownFileType = sourcecode.swift; path = NetService.swift; sourceTree = "<group>"; };
		4674A78D1E400039005A8BB4 /* Request.swift */ = {isa = PBXFileReference; fileEncoding = 4; lastKnownFileType = sourcecode.swift; path = Request.swift; sourceTree = "<group>"; };
		4674A78F1E400111005A8BB4 /* App.swift */ = {isa = PBXFileReference; fileEncoding = 4; lastKnownFileType = sourcecode.swift; path = App.swift; sourceTree = "<group>"; };
		4674A7931E4002C4005A8BB4 /* RoutingCoordinator.swift */ = {isa = PBXFileReference; fileEncoding = 4; lastKnownFileType = sourcecode.swift; path = RoutingCoordinator.swift; sourceTree = "<group>"; };
		4674A7951E4002EC005A8BB4 /* Route.swift */ = {isa = PBXFileReference; fileEncoding = 4; lastKnownFileType = sourcecode.swift; path = Route.swift; sourceTree = "<group>"; };
		468CB3D11E463031009EA94D /* LoginViewModel.swift */ = {isa = PBXFileReference; fileEncoding = 4; lastKnownFileType = sourcecode.swift; path = LoginViewModel.swift; sourceTree = "<group>"; };
		4698F8901E43248900F09A82 /* ResponseResultsUserPermissionUserModel.swift */ = {isa = PBXFileReference; fileEncoding = 4; lastKnownFileType = sourcecode.swift; path = ResponseResultsUserPermissionUserModel.swift; sourceTree = "<group>"; };
		4698F8941E43489300F09A82 /* AuthenticationService.swift */ = {isa = PBXFileReference; fileEncoding = 4; lastKnownFileType = sourcecode.swift; path = AuthenticationService.swift; sourceTree = "<group>"; };
		4698F8971E434B0D00F09A82 /* ResponseUserLoginModel.swift */ = {isa = PBXFileReference; fileEncoding = 4; lastKnownFileType = sourcecode.swift; path = ResponseUserLoginModel.swift; sourceTree = "<group>"; };
		4698F8991E434C8500F09A82 /* CurrentUserModel.swift */ = {isa = PBXFileReference; fileEncoding = 4; lastKnownFileType = sourcecode.swift; path = CurrentUserModel.swift; sourceTree = "<group>"; };
		4698F89C1E435B5200F09A82 /* UserModel.swift */ = {isa = PBXFileReference; fileEncoding = 4; lastKnownFileType = sourcecode.swift; path = UserModel.swift; sourceTree = "<group>"; };
		4698F89E1E435F3000F09A82 /* UserPermissionModel.swift */ = {isa = PBXFileReference; fileEncoding = 4; lastKnownFileType = sourcecode.swift; path = UserPermissionModel.swift; sourceTree = "<group>"; };
		46996D781E40F4A000779076 /* ResponseResultsUserModel.swift */ = {isa = PBXFileReference; fileEncoding = 4; lastKnownFileType = sourcecode.swift; path = ResponseResultsUserModel.swift; sourceTree = "<group>"; };
		469F5D1C1E40EB7100735C5A /* ResponseUserModel.swift */ = {isa = PBXFileReference; fileEncoding = 4; lastKnownFileType = sourcecode.swift; path = ResponseUserModel.swift; sourceTree = "<group>"; };
		46D352191E44CD6200EB8703 /* HHTextFieldLogin.swift */ = {isa = PBXFileReference; fileEncoding = 4; lastKnownFileType = sourcecode.swift; path = HHTextFieldLogin.swift; sourceTree = "<group>"; };
		46D3521B1E44E33100EB8703 /* HHColorPalette.swift */ = {isa = PBXFileReference; fileEncoding = 4; lastKnownFileType = sourcecode.swift; path = HHColorPalette.swift; sourceTree = "<group>"; };
		51CDA0E0ACCB0026E9BB65DB /* Pods-HipaaHealthy.release.xcconfig */ = {isa = PBXFileReference; includeInIndex = 1; lastKnownFileType = text.xcconfig; name = "Pods-HipaaHealthy.release.xcconfig"; path = "Pods/Target Support Files/Pods-HipaaHealthy/Pods-HipaaHealthy.release.xcconfig"; sourceTree = "<group>"; };
		75655273F13CDAEB25E73819 /* Pods-HipaaHealthyUITests.release.xcconfig */ = {isa = PBXFileReference; includeInIndex = 1; lastKnownFileType = text.xcconfig; name = "Pods-HipaaHealthyUITests.release.xcconfig"; path = "Pods/Target Support Files/Pods-HipaaHealthyUITests/Pods-HipaaHealthyUITests.release.xcconfig"; sourceTree = "<group>"; };
		8A455CF00944353DE5E1147B /* Pods-HipaaHealthy.debug.xcconfig */ = {isa = PBXFileReference; includeInIndex = 1; lastKnownFileType = text.xcconfig; name = "Pods-HipaaHealthy.debug.xcconfig"; path = "Pods/Target Support Files/Pods-HipaaHealthy/Pods-HipaaHealthy.debug.xcconfig"; sourceTree = "<group>"; };
		9CF02B1BFD65A4157AFD8EAF /* Pods_HipaaHealthyTests.framework */ = {isa = PBXFileReference; explicitFileType = wrapper.framework; includeInIndex = 0; path = Pods_HipaaHealthyTests.framework; sourceTree = BUILT_PRODUCTS_DIR; };
		C56E20C328CB15AE8E003F0A /* Pods_HipaaHealthy.framework */ = {isa = PBXFileReference; explicitFileType = wrapper.framework; includeInIndex = 0; path = Pods_HipaaHealthy.framework; sourceTree = BUILT_PRODUCTS_DIR; };
		D7CC119E5A894F7795BA35D3 /* Pods-HipaaHealthyTests.debug.xcconfig */ = {isa = PBXFileReference; includeInIndex = 1; lastKnownFileType = text.xcconfig; name = "Pods-HipaaHealthyTests.debug.xcconfig"; path = "Pods/Target Support Files/Pods-HipaaHealthyTests/Pods-HipaaHealthyTests.debug.xcconfig"; sourceTree = "<group>"; };
		E11E901E8B3AA7AD007D2505 /* Pods-HipaaHealthyUITests.debug.xcconfig */ = {isa = PBXFileReference; includeInIndex = 1; lastKnownFileType = text.xcconfig; name = "Pods-HipaaHealthyUITests.debug.xcconfig"; path = "Pods/Target Support Files/Pods-HipaaHealthyUITests/Pods-HipaaHealthyUITests.debug.xcconfig"; sourceTree = "<group>"; };
/* End PBXFileReference section */

/* Begin PBXFrameworksBuildPhase section */
		464EDC241E3FF37C0043402B /* Frameworks */ = {
			isa = PBXFrameworksBuildPhase;
			buildActionMask = 2147483647;
			files = (
				E1D4CF679D1C374D5AB6117F /* Pods_HipaaHealthy.framework in Frameworks */,
			);
			runOnlyForDeploymentPostprocessing = 0;
		};
		464EDC381E3FF37D0043402B /* Frameworks */ = {
			isa = PBXFrameworksBuildPhase;
			buildActionMask = 2147483647;
			files = (
				24B8E1EA28A58C958313A05C /* Pods_HipaaHealthyTests.framework in Frameworks */,
			);
			runOnlyForDeploymentPostprocessing = 0;
		};
		464EDC431E3FF37D0043402B /* Frameworks */ = {
			isa = PBXFrameworksBuildPhase;
			buildActionMask = 2147483647;
			files = (
				D09125EB92072E2CFF515B34 /* Pods_HipaaHealthyUITests.framework in Frameworks */,
			);
			runOnlyForDeploymentPostprocessing = 0;
		};
/* End PBXFrameworksBuildPhase section */

/* Begin PBXGroup section */
		32031F483767233057615D08 /* Frameworks */ = {
			isa = PBXGroup;
			children = (
				C56E20C328CB15AE8E003F0A /* Pods_HipaaHealthy.framework */,
				9CF02B1BFD65A4157AFD8EAF /* Pods_HipaaHealthyTests.framework */,
				4064A507E78616614078C5BE /* Pods_HipaaHealthyUITests.framework */,
			);
			name = Frameworks;
			sourceTree = "<group>";
		};
		461734F61E43F0A900F6546E /* Fonts */ = {
			isa = PBXGroup;
			children = (
				461734F71E43F0E200F6546E /* open-sans */,
			);
			name = Fonts;
			sourceTree = "<group>";
		};
		461734F91E43F37700F6546E /* LaunchScreen */ = {
			isa = PBXGroup;
			children = (
				464EDC331E3FF37D0043402B /* LaunchScreen.storyboard */,
			);
			name = LaunchScreen;
			sourceTree = "<group>";
		};
		461734FC1E43F46D00F6546E /* Extensions */ = {
			isa = PBXGroup;
			children = (
				461734FD1E43F47D00F6546E /* UIImageView.swift */,
			);
			name = Extensions;
			sourceTree = "<group>";
		};
		464E90F01E46771800648F66 /* Home */ = {
			isa = PBXGroup;
			children = (
				464E90F31E46782E00648F66 /* CenterViewController.swift */,
				462317B71E4B538B00152CAA /* ContainerViewController.swift */,
				462317BB1E4B683B00152CAA /* LeftPanelViewController.swift */,
			);
			name = Home;
			sourceTree = "<group>";
		};
		464EDC1E1E3FF37C0043402B = {
			isa = PBXGroup;
			children = (
				464EDC291E3FF37D0043402B /* HipaaHealthy */,
				464EDC3E1E3FF37D0043402B /* HipaaHealthyTests */,
				464EDC491E3FF37D0043402B /* HipaaHealthyUITests */,
				464EDC281E3FF37D0043402B /* Products */,
				E8EB6241D73A87DA6AEDBC50 /* Pods */,
				32031F483767233057615D08 /* Frameworks */,
			);
			sourceTree = "<group>";
		};
		464EDC281E3FF37D0043402B /* Products */ = {
			isa = PBXGroup;
			children = (
				464EDC271E3FF37D0043402B /* HipaaHealthy.app */,
				464EDC3B1E3FF37D0043402B /* HipaaHealthyTests.xctest */,
				464EDC461E3FF37D0043402B /* HipaaHealthyUITests.xctest */,
			);
			name = Products;
			sourceTree = "<group>";
		};
		464EDC291E3FF37D0043402B /* HipaaHealthy */ = {
			isa = PBXGroup;
			children = (
				464EDC2A1E3FF37D0043402B /* AppDelegate.swift */,
				46D352181E44CD4900EB8703 /* Custom UI Elements */,
				461734FC1E43F46D00F6546E /* Extensions */,
				4674A7911E400180005A8BB4 /* App */,
				4674A7821E3FF9C4005A8BB4 /* Model */,
				4674A7811E3FF9BE005A8BB4 /* View */,
				4674A77F1E3FF9AC005A8BB4 /* ViewModel */,
				4674A78A1E400009005A8BB4 /* Supporting Files */,
			);
			path = HipaaHealthy;
			sourceTree = "<group>";
		};
		464EDC3E1E3FF37D0043402B /* HipaaHealthyTests */ = {
			isa = PBXGroup;
			children = (
				464EDC3F1E3FF37D0043402B /* HipaaHealthyTests.swift */,
				464EDC411E3FF37D0043402B /* Info.plist */,
			);
			path = HipaaHealthyTests;
			sourceTree = "<group>";
		};
		464EDC491E3FF37D0043402B /* HipaaHealthyUITests */ = {
			isa = PBXGroup;
			children = (
				464EDC4A1E3FF37D0043402B /* HipaaHealthyUITests.swift */,
				464EDC4C1E3FF37D0043402B /* Info.plist */,
			);
			path = HipaaHealthyUITests;
			sourceTree = "<group>";
		};
		4674A77F1E3FF9AC005A8BB4 /* ViewModel */ = {
			isa = PBXGroup;
			children = (
				4674A7841E3FFA1A005A8BB4 /* Authentication */,
			);
			name = ViewModel;
			sourceTree = "<group>";
		};
		4674A7811E3FF9BE005A8BB4 /* View */ = {
			isa = PBXGroup;
			children = (
				4674A78F1E400111005A8BB4 /* App.swift */,
				464E90F51E46790C00648F66 /* Storyboard.swift */,
				464EDC2E1E3FF37D0043402B /* Main.storyboard */,
				461734F91E43F37700F6546E /* LaunchScreen */,
				4674A7831E3FFA0D005A8BB4 /* Authentication */,
				464E90F01E46771800648F66 /* Home */,
			);
			name = View;
			sourceTree = "<group>";
		};
		4674A7821E3FF9C4005A8BB4 /* Model */ = {
			isa = PBXGroup;
			children = (
				46996D771E40F40B00779076 /* ResponseModel */,
				4698F89B1E435B4800F09A82 /* User */,
			);
			name = Model;
			sourceTree = "<group>";
		};
		4674A7831E3FFA0D005A8BB4 /* Authentication */ = {
			isa = PBXGroup;
			children = (
				464EDC2C1E3FF37D0043402B /* LoginViewController.swift */,
			);
			name = Authentication;
			sourceTree = "<group>";
		};
		4674A7841E3FFA1A005A8BB4 /* Authentication */ = {
			isa = PBXGroup;
			children = (
				468CB3D11E463031009EA94D /* LoginViewModel.swift */,
			);
			name = Authentication;
			sourceTree = "<group>";
		};
		4674A7871E3FFF52005A8BB4 /* Networking */ = {
			isa = PBXGroup;
			children = (
				4674A7881E3FFF91005A8BB4 /* NetService.swift */,
				4674A78D1E400039005A8BB4 /* Request.swift */,
			);
			name = Networking;
			sourceTree = "<group>";
		};
		4674A78A1E400009005A8BB4 /* Supporting Files */ = {
			isa = PBXGroup;
			children = (
				461734F61E43F0A900F6546E /* Fonts */,
				464EDC361E3FF37D0043402B /* Info.plist */,
				464EDC311E3FF37D0043402B /* Assets.xcassets */,
			);
			name = "Supporting Files";
			sourceTree = "<group>";
		};
		4674A7911E400180005A8BB4 /* App */ = {
			isa = PBXGroup;
			children = (
				4698F8921E43485600F09A82 /* Services */,
				4674A7921E4002AA005A8BB4 /* Routing */,
				4674A7871E3FFF52005A8BB4 /* Networking */,
			);
			name = App;
			sourceTree = "<group>";
		};
		4674A7921E4002AA005A8BB4 /* Routing */ = {
			isa = PBXGroup;
			children = (
				4674A7931E4002C4005A8BB4 /* RoutingCoordinator.swift */,
				4611800C1E40066600F4FCFC /* Routes.swift */,
				4674A7951E4002EC005A8BB4 /* Route.swift */,
			);
			name = Routing;
			sourceTree = "<group>";
		};
		4698F8921E43485600F09A82 /* Services */ = {
			isa = PBXGroup;
			children = (
				4698F8931E43486B00F09A82 /* Authentication */,
			);
			name = Services;
			sourceTree = "<group>";
		};
		4698F8931E43486B00F09A82 /* Authentication */ = {
			isa = PBXGroup;
			children = (
				4698F8941E43489300F09A82 /* AuthenticationService.swift */,
			);
			name = Authentication;
			sourceTree = "<group>";
		};
		4698F8961E434AF900F09A82 /* Authentication / User */ = {
			isa = PBXGroup;
			children = (
				4698F8971E434B0D00F09A82 /* ResponseUserLoginModel.swift */,
				469F5D1C1E40EB7100735C5A /* ResponseUserModel.swift */,
				46996D781E40F4A000779076 /* ResponseResultsUserModel.swift */,
				4698F8901E43248900F09A82 /* ResponseResultsUserPermissionUserModel.swift */,
				4615EFF71E47B302005D46DB /* ResponseUserVerifyTokenModel.swift */,
			);
			name = "Authentication / User";
			sourceTree = "<group>";
		};
		4698F89B1E435B4800F09A82 /* User */ = {
			isa = PBXGroup;
			children = (
				4698F8991E434C8500F09A82 /* CurrentUserModel.swift */,
				4698F89C1E435B5200F09A82 /* UserModel.swift */,
				4698F89E1E435F3000F09A82 /* UserPermissionModel.swift */,
			);
			name = User;
			sourceTree = "<group>";
		};
		46996D771E40F40B00779076 /* ResponseModel */ = {
			isa = PBXGroup;
			children = (
				4698F8961E434AF900F09A82 /* Authentication / User */,
			);
			name = ResponseModel;
			sourceTree = "<group>";
		};
		46D352181E44CD4900EB8703 /* Custom UI Elements */ = {
			isa = PBXGroup;
			children = (
				46D352191E44CD6200EB8703 /* HHTextFieldLogin.swift */,
				46D3521D1E44E39000EB8703 /* Themes */,
			);
			name = "Custom UI Elements";
			sourceTree = "<group>";
		};
		46D3521D1E44E39000EB8703 /* Themes */ = {
			isa = PBXGroup;
			children = (
				46D3521B1E44E33100EB8703 /* HHColorPalette.swift */,
			);
			name = Themes;
			sourceTree = "<group>";
		};
		E8EB6241D73A87DA6AEDBC50 /* Pods */ = {
			isa = PBXGroup;
			children = (
				8A455CF00944353DE5E1147B /* Pods-HipaaHealthy.debug.xcconfig */,
				51CDA0E0ACCB0026E9BB65DB /* Pods-HipaaHealthy.release.xcconfig */,
				D7CC119E5A894F7795BA35D3 /* Pods-HipaaHealthyTests.debug.xcconfig */,
				178698774D6D729252246B34 /* Pods-HipaaHealthyTests.release.xcconfig */,
				E11E901E8B3AA7AD007D2505 /* Pods-HipaaHealthyUITests.debug.xcconfig */,
				75655273F13CDAEB25E73819 /* Pods-HipaaHealthyUITests.release.xcconfig */,
			);
			name = Pods;
			sourceTree = "<group>";
		};
/* End PBXGroup section */

/* Begin PBXNativeTarget section */
		464EDC261E3FF37C0043402B /* HipaaHealthy */ = {
			isa = PBXNativeTarget;
			buildConfigurationList = 464EDC4F1E3FF37D0043402B /* Build configuration list for PBXNativeTarget "HipaaHealthy" */;
			buildPhases = (
				8D838262A36FFA065A1FB8F2 /* [CP] Check Pods Manifest.lock */,
				464EDC231E3FF37C0043402B /* Sources */,
				464EDC241E3FF37C0043402B /* Frameworks */,
				464EDC251E3FF37C0043402B /* Resources */,
				264B515C7AC1E477572D7B3B /* [CP] Embed Pods Frameworks */,
				1EFC4968C55468B6D9E9CA31 /* [CP] Copy Pods Resources */,
				4646B7511E4899F00034791F /* Swift Lint */,
			);
			buildRules = (
			);
			dependencies = (
			);
			name = HipaaHealthy;
			productName = HipaaHealthy;
			productReference = 464EDC271E3FF37D0043402B /* HipaaHealthy.app */;
			productType = "com.apple.product-type.application";
		};
		464EDC3A1E3FF37D0043402B /* HipaaHealthyTests */ = {
			isa = PBXNativeTarget;
			buildConfigurationList = 464EDC521E3FF37D0043402B /* Build configuration list for PBXNativeTarget "HipaaHealthyTests" */;
			buildPhases = (
				1D1E4F7BB1CFCEBB5DE6B0E1 /* [CP] Check Pods Manifest.lock */,
				464EDC371E3FF37D0043402B /* Sources */,
				464EDC381E3FF37D0043402B /* Frameworks */,
				464EDC391E3FF37D0043402B /* Resources */,
				1577BB056BB150EEC62A0BF2 /* [CP] Embed Pods Frameworks */,
				734A0440CF910E5625F1418A /* [CP] Copy Pods Resources */,
			);
			buildRules = (
			);
			dependencies = (
				464EDC3D1E3FF37D0043402B /* PBXTargetDependency */,
			);
			name = HipaaHealthyTests;
			productName = HipaaHealthyTests;
			productReference = 464EDC3B1E3FF37D0043402B /* HipaaHealthyTests.xctest */;
			productType = "com.apple.product-type.bundle.unit-test";
		};
		464EDC451E3FF37D0043402B /* HipaaHealthyUITests */ = {
			isa = PBXNativeTarget;
			buildConfigurationList = 464EDC551E3FF37D0043402B /* Build configuration list for PBXNativeTarget "HipaaHealthyUITests" */;
			buildPhases = (
				7C18D32355870C703F7D3142 /* [CP] Check Pods Manifest.lock */,
				464EDC421E3FF37D0043402B /* Sources */,
				464EDC431E3FF37D0043402B /* Frameworks */,
				464EDC441E3FF37D0043402B /* Resources */,
				2FF98F6F65C8BF2E14127FAD /* [CP] Embed Pods Frameworks */,
				F814846677D5F3F37746D12F /* [CP] Copy Pods Resources */,
			);
			buildRules = (
			);
			dependencies = (
				464EDC481E3FF37D0043402B /* PBXTargetDependency */,
			);
			name = HipaaHealthyUITests;
			productName = HipaaHealthyUITests;
			productReference = 464EDC461E3FF37D0043402B /* HipaaHealthyUITests.xctest */;
			productType = "com.apple.product-type.bundle.ui-testing";
		};
/* End PBXNativeTarget section */

/* Begin PBXProject section */
		464EDC1F1E3FF37C0043402B /* Project object */ = {
			isa = PBXProject;
			attributes = {
				LastSwiftUpdateCheck = 0820;
				LastUpgradeCheck = 0820;
				ORGANIZATIONNAME = HipaaHealthy;
				TargetAttributes = {
					464EDC261E3FF37C0043402B = {
						CreatedOnToolsVersion = 8.2.1;
						DevelopmentTeam = FZSAPS42SZ;
						LastSwiftMigration = 0820;
						ProvisioningStyle = Automatic;
					};
					464EDC3A1E3FF37D0043402B = {
						CreatedOnToolsVersion = 8.2.1;
						DevelopmentTeam = FZSAPS42SZ;
						ProvisioningStyle = Automatic;
						TestTargetID = 464EDC261E3FF37C0043402B;
					};
					464EDC451E3FF37D0043402B = {
						CreatedOnToolsVersion = 8.2.1;
						DevelopmentTeam = FZSAPS42SZ;
						ProvisioningStyle = Automatic;
						TestTargetID = 464EDC261E3FF37C0043402B;
					};
				};
			};
			buildConfigurationList = 464EDC221E3FF37C0043402B /* Build configuration list for PBXProject "HipaaHealthy" */;
			compatibilityVersion = "Xcode 3.2";
			developmentRegion = English;
			hasScannedForEncodings = 0;
			knownRegions = (
				en,
				Base,
			);
			mainGroup = 464EDC1E1E3FF37C0043402B;
			productRefGroup = 464EDC281E3FF37D0043402B /* Products */;
			projectDirPath = "";
			projectRoot = "";
			targets = (
				464EDC261E3FF37C0043402B /* HipaaHealthy */,
				464EDC3A1E3FF37D0043402B /* HipaaHealthyTests */,
				464EDC451E3FF37D0043402B /* HipaaHealthyUITests */,
			);
		};
/* End PBXProject section */

/* Begin PBXResourcesBuildPhase section */
		464EDC251E3FF37C0043402B /* Resources */ = {
			isa = PBXResourcesBuildPhase;
			buildActionMask = 2147483647;
			files = (
				464EDC351E3FF37D0043402B /* LaunchScreen.storyboard in Resources */,
				461734F81E43F0E200F6546E /* open-sans in Resources */,
				464EDC321E3FF37D0043402B /* Assets.xcassets in Resources */,
				464EDC301E3FF37D0043402B /* Main.storyboard in Resources */,
			);
			runOnlyForDeploymentPostprocessing = 0;
		};
		464EDC391E3FF37D0043402B /* Resources */ = {
			isa = PBXResourcesBuildPhase;
			buildActionMask = 2147483647;
			files = (
			);
			runOnlyForDeploymentPostprocessing = 0;
		};
		464EDC441E3FF37D0043402B /* Resources */ = {
			isa = PBXResourcesBuildPhase;
			buildActionMask = 2147483647;
			files = (
			);
			runOnlyForDeploymentPostprocessing = 0;
		};
/* End PBXResourcesBuildPhase section */

/* Begin PBXShellScriptBuildPhase section */
		1577BB056BB150EEC62A0BF2 /* [CP] Embed Pods Frameworks */ = {
			isa = PBXShellScriptBuildPhase;
			buildActionMask = 2147483647;
			files = (
			);
			inputPaths = (
			);
			name = "[CP] Embed Pods Frameworks";
			outputPaths = (
			);
			runOnlyForDeploymentPostprocessing = 0;
			shellPath = /bin/sh;
			shellScript = "\"${SRCROOT}/Pods/Target Support Files/Pods-HipaaHealthyTests/Pods-HipaaHealthyTests-frameworks.sh\"\n";
			showEnvVarsInLog = 0;
		};
		1D1E4F7BB1CFCEBB5DE6B0E1 /* [CP] Check Pods Manifest.lock */ = {
			isa = PBXShellScriptBuildPhase;
			buildActionMask = 2147483647;
			files = (
			);
			inputPaths = (
			);
			name = "[CP] Check Pods Manifest.lock";
			outputPaths = (
			);
			runOnlyForDeploymentPostprocessing = 0;
			shellPath = /bin/sh;
			shellScript = "diff \"${PODS_ROOT}/../Podfile.lock\" \"${PODS_ROOT}/Manifest.lock\" > /dev/null\nif [ $? != 0 ] ; then\n    # print error to STDERR\n    echo \"error: The sandbox is not in sync with the Podfile.lock. Run 'pod install' or update your CocoaPods installation.\" >&2\n    exit 1\nfi\n";
			showEnvVarsInLog = 0;
		};
		1EFC4968C55468B6D9E9CA31 /* [CP] Copy Pods Resources */ = {
			isa = PBXShellScriptBuildPhase;
			buildActionMask = 2147483647;
			files = (
			);
			inputPaths = (
			);
			name = "[CP] Copy Pods Resources";
			outputPaths = (
			);
			runOnlyForDeploymentPostprocessing = 0;
			shellPath = /bin/sh;
			shellScript = "\"${SRCROOT}/Pods/Target Support Files/Pods-HipaaHealthy/Pods-HipaaHealthy-resources.sh\"\n";
			showEnvVarsInLog = 0;
		};
		264B515C7AC1E477572D7B3B /* [CP] Embed Pods Frameworks */ = {
			isa = PBXShellScriptBuildPhase;
			buildActionMask = 2147483647;
			files = (
			);
			inputPaths = (
			);
			name = "[CP] Embed Pods Frameworks";
			outputPaths = (
			);
			runOnlyForDeploymentPostprocessing = 0;
			shellPath = /bin/sh;
			shellScript = "\"${SRCROOT}/Pods/Target Support Files/Pods-HipaaHealthy/Pods-HipaaHealthy-frameworks.sh\"\n";
			showEnvVarsInLog = 0;
		};
		2FF98F6F65C8BF2E14127FAD /* [CP] Embed Pods Frameworks */ = {
			isa = PBXShellScriptBuildPhase;
			buildActionMask = 2147483647;
			files = (
			);
			inputPaths = (
			);
			name = "[CP] Embed Pods Frameworks";
			outputPaths = (
			);
			runOnlyForDeploymentPostprocessing = 0;
			shellPath = /bin/sh;
			shellScript = "\"${SRCROOT}/Pods/Target Support Files/Pods-HipaaHealthyUITests/Pods-HipaaHealthyUITests-frameworks.sh\"\n";
			showEnvVarsInLog = 0;
		};
		4646B7511E4899F00034791F /* Swift Lint */ = {
			isa = PBXShellScriptBuildPhase;
			buildActionMask = 2147483647;
			files = (
			);
			inputPaths = (
			);
			name = "Swift Lint";
			outputPaths = (
			);
			runOnlyForDeploymentPostprocessing = 0;
			shellPath = /bin/sh;
			shellScript = "${PODS_ROOT}/SwiftLint/swiftlint";
		};
		734A0440CF910E5625F1418A /* [CP] Copy Pods Resources */ = {
			isa = PBXShellScriptBuildPhase;
			buildActionMask = 2147483647;
			files = (
			);
			inputPaths = (
			);
			name = "[CP] Copy Pods Resources";
			outputPaths = (
			);
			runOnlyForDeploymentPostprocessing = 0;
			shellPath = /bin/sh;
			shellScript = "\"${SRCROOT}/Pods/Target Support Files/Pods-HipaaHealthyTests/Pods-HipaaHealthyTests-resources.sh\"\n";
			showEnvVarsInLog = 0;
		};
		7C18D32355870C703F7D3142 /* [CP] Check Pods Manifest.lock */ = {
			isa = PBXShellScriptBuildPhase;
			buildActionMask = 2147483647;
			files = (
			);
			inputPaths = (
			);
			name = "[CP] Check Pods Manifest.lock";
			outputPaths = (
			);
			runOnlyForDeploymentPostprocessing = 0;
			shellPath = /bin/sh;
			shellScript = "diff \"${PODS_ROOT}/../Podfile.lock\" \"${PODS_ROOT}/Manifest.lock\" > /dev/null\nif [ $? != 0 ] ; then\n    # print error to STDERR\n    echo \"error: The sandbox is not in sync with the Podfile.lock. Run 'pod install' or update your CocoaPods installation.\" >&2\n    exit 1\nfi\n";
			showEnvVarsInLog = 0;
		};
		8D838262A36FFA065A1FB8F2 /* [CP] Check Pods Manifest.lock */ = {
			isa = PBXShellScriptBuildPhase;
			buildActionMask = 2147483647;
			files = (
			);
			inputPaths = (
			);
			name = "[CP] Check Pods Manifest.lock";
			outputPaths = (
			);
			runOnlyForDeploymentPostprocessing = 0;
			shellPath = /bin/sh;
			shellScript = "diff \"${PODS_ROOT}/../Podfile.lock\" \"${PODS_ROOT}/Manifest.lock\" > /dev/null\nif [ $? != 0 ] ; then\n    # print error to STDERR\n    echo \"error: The sandbox is not in sync with the Podfile.lock. Run 'pod install' or update your CocoaPods installation.\" >&2\n    exit 1\nfi\n";
			showEnvVarsInLog = 0;
		};
		F814846677D5F3F37746D12F /* [CP] Copy Pods Resources */ = {
			isa = PBXShellScriptBuildPhase;
			buildActionMask = 2147483647;
			files = (
			);
			inputPaths = (
			);
			name = "[CP] Copy Pods Resources";
			outputPaths = (
			);
			runOnlyForDeploymentPostprocessing = 0;
			shellPath = /bin/sh;
			shellScript = "\"${SRCROOT}/Pods/Target Support Files/Pods-HipaaHealthyUITests/Pods-HipaaHealthyUITests-resources.sh\"\n";
			showEnvVarsInLog = 0;
		};
/* End PBXShellScriptBuildPhase section */

/* Begin PBXSourcesBuildPhase section */
		464EDC231E3FF37C0043402B /* Sources */ = {
			isa = PBXSourcesBuildPhase;
			buildActionMask = 2147483647;
			files = (
				4615EFF81E47B302005D46DB /* ResponseUserVerifyTokenModel.swift in Sources */,
				4674A7941E4002C4005A8BB4 /* RoutingCoordinator.swift in Sources */,
				4611800D1E40066600F4FCFC /* Routes.swift in Sources */,
				464EDC2D1E3FF37D0043402B /* LoginViewController.swift in Sources */,
				4698F8951E43489300F09A82 /* AuthenticationService.swift in Sources */,
				46D3521A1E44CD6200EB8703 /* HHTextFieldLogin.swift in Sources */,
				464E90F41E46782E00648F66 /* CenterViewController.swift in Sources */,
				4698F8911E43248A00F09A82 /* ResponseResultsUserPermissionUserModel.swift in Sources */,
				4674A78E1E400039005A8BB4 /* Request.swift in Sources */,
				461734FE1E43F47E00F6546E /* UIImageView.swift in Sources */,
				462317B81E4B538B00152CAA /* ContainerViewController.swift in Sources */,
				468CB3D21E463031009EA94D /* LoginViewModel.swift in Sources */,
				4698F89A1E434C8500F09A82 /* CurrentUserModel.swift in Sources */,
				464EDC2B1E3FF37D0043402B /* AppDelegate.swift in Sources */,
				464E90F61E46790C00648F66 /* Storyboard.swift in Sources */,
				462317BC1E4B683B00152CAA /* LeftPanelViewController.swift in Sources */,
				4698F89D1E435B5200F09A82 /* UserModel.swift in Sources */,
				4698F8981E434B0D00F09A82 /* ResponseUserLoginModel.swift in Sources */,
				469F5D1D1E40EB7100735C5A /* ResponseUserModel.swift in Sources */,
				4674A7901E400111005A8BB4 /* App.swift in Sources */,
				4674A7961E4002EC005A8BB4 /* Route.swift in Sources */,
				4698F89F1E435F3000F09A82 /* UserPermissionModel.swift in Sources */,
				46996D791E40F4A000779076 /* ResponseResultsUserModel.swift in Sources */,
				46D3521C1E44E33100EB8703 /* HHColorPalette.swift in Sources */,
				4674A7891E3FFF91005A8BB4 /* NetService.swift in Sources */,
			);
			runOnlyForDeploymentPostprocessing = 0;
		};
		464EDC371E3FF37D0043402B /* Sources */ = {
			isa = PBXSourcesBuildPhase;
			buildActionMask = 2147483647;
			files = (
				464EDC401E3FF37D0043402B /* HipaaHealthyTests.swift in Sources */,
			);
			runOnlyForDeploymentPostprocessing = 0;
		};
		464EDC421E3FF37D0043402B /* Sources */ = {
			isa = PBXSourcesBuildPhase;
			buildActionMask = 2147483647;
			files = (
				464EDC4B1E3FF37D0043402B /* HipaaHealthyUITests.swift in Sources */,
			);
			runOnlyForDeploymentPostprocessing = 0;
		};
/* End PBXSourcesBuildPhase section */

/* Begin PBXTargetDependency section */
		464EDC3D1E3FF37D0043402B /* PBXTargetDependency */ = {
			isa = PBXTargetDependency;
			target = 464EDC261E3FF37C0043402B /* HipaaHealthy */;
			targetProxy = 464EDC3C1E3FF37D0043402B /* PBXContainerItemProxy */;
		};
		464EDC481E3FF37D0043402B /* PBXTargetDependency */ = {
			isa = PBXTargetDependency;
			target = 464EDC261E3FF37C0043402B /* HipaaHealthy */;
			targetProxy = 464EDC471E3FF37D0043402B /* PBXContainerItemProxy */;
		};
/* End PBXTargetDependency section */

/* Begin PBXVariantGroup section */
		464EDC2E1E3FF37D0043402B /* Main.storyboard */ = {
			isa = PBXVariantGroup;
			children = (
				464EDC2F1E3FF37D0043402B /* Base */,
			);
			name = Main.storyboard;
			sourceTree = "<group>";
		};
		464EDC331E3FF37D0043402B /* LaunchScreen.storyboard */ = {
			isa = PBXVariantGroup;
			children = (
				464EDC341E3FF37D0043402B /* Base */,
			);
			name = LaunchScreen.storyboard;
			sourceTree = "<group>";
		};
/* End PBXVariantGroup section */

/* Begin XCBuildConfiguration section */
		464EDC4D1E3FF37D0043402B /* Debug */ = {
			isa = XCBuildConfiguration;
			buildSettings = {
				ALWAYS_SEARCH_USER_PATHS = NO;
				CLANG_ANALYZER_NONNULL = YES;
				CLANG_CXX_LANGUAGE_STANDARD = "gnu++0x";
				CLANG_CXX_LIBRARY = "libc++";
				CLANG_ENABLE_MODULES = YES;
				CLANG_ENABLE_OBJC_ARC = YES;
				CLANG_WARN_BOOL_CONVERSION = YES;
				CLANG_WARN_CONSTANT_CONVERSION = YES;
				CLANG_WARN_DIRECT_OBJC_ISA_USAGE = YES_ERROR;
				CLANG_WARN_DOCUMENTATION_COMMENTS = YES;
				CLANG_WARN_EMPTY_BODY = YES;
				CLANG_WARN_ENUM_CONVERSION = YES;
				CLANG_WARN_INFINITE_RECURSION = YES;
				CLANG_WARN_INT_CONVERSION = YES;
				CLANG_WARN_OBJC_ROOT_CLASS = YES_ERROR;
				CLANG_WARN_SUSPICIOUS_MOVE = YES;
				CLANG_WARN_UNREACHABLE_CODE = YES;
				CLANG_WARN__DUPLICATE_METHOD_MATCH = YES;
				"CODE_SIGN_IDENTITY[sdk=iphoneos*]" = "iPhone Developer";
				COPY_PHASE_STRIP = NO;
				DEBUG_INFORMATION_FORMAT = dwarf;
				ENABLE_STRICT_OBJC_MSGSEND = YES;
				ENABLE_TESTABILITY = YES;
				GCC_C_LANGUAGE_STANDARD = gnu99;
				GCC_DYNAMIC_NO_PIC = NO;
				GCC_NO_COMMON_BLOCKS = YES;
				GCC_OPTIMIZATION_LEVEL = 0;
				GCC_PREPROCESSOR_DEFINITIONS = (
					"DEBUG=1",
					"$(inherited)",
				);
				GCC_WARN_64_TO_32_BIT_CONVERSION = YES;
				GCC_WARN_ABOUT_RETURN_TYPE = YES_ERROR;
				GCC_WARN_UNDECLARED_SELECTOR = YES;
				GCC_WARN_UNINITIALIZED_AUTOS = YES_AGGRESSIVE;
				GCC_WARN_UNUSED_FUNCTION = YES;
				GCC_WARN_UNUSED_VARIABLE = YES;
				IPHONEOS_DEPLOYMENT_TARGET = 10.2;
				MTL_ENABLE_DEBUG_INFO = YES;
				ONLY_ACTIVE_ARCH = YES;
				SDKROOT = iphoneos;
				SWIFT_ACTIVE_COMPILATION_CONDITIONS = DEBUG;
				SWIFT_OPTIMIZATION_LEVEL = "-Onone";
				TARGETED_DEVICE_FAMILY = "1,2";
			};
			name = Debug;
		};
		464EDC4E1E3FF37D0043402B /* Release */ = {
			isa = XCBuildConfiguration;
			buildSettings = {
				ALWAYS_SEARCH_USER_PATHS = NO;
				CLANG_ANALYZER_NONNULL = YES;
				CLANG_CXX_LANGUAGE_STANDARD = "gnu++0x";
				CLANG_CXX_LIBRARY = "libc++";
				CLANG_ENABLE_MODULES = YES;
				CLANG_ENABLE_OBJC_ARC = YES;
				CLANG_WARN_BOOL_CONVERSION = YES;
				CLANG_WARN_CONSTANT_CONVERSION = YES;
				CLANG_WARN_DIRECT_OBJC_ISA_USAGE = YES_ERROR;
				CLANG_WARN_DOCUMENTATION_COMMENTS = YES;
				CLANG_WARN_EMPTY_BODY = YES;
				CLANG_WARN_ENUM_CONVERSION = YES;
				CLANG_WARN_INFINITE_RECURSION = YES;
				CLANG_WARN_INT_CONVERSION = YES;
				CLANG_WARN_OBJC_ROOT_CLASS = YES_ERROR;
				CLANG_WARN_SUSPICIOUS_MOVE = YES;
				CLANG_WARN_UNREACHABLE_CODE = YES;
				CLANG_WARN__DUPLICATE_METHOD_MATCH = YES;
				"CODE_SIGN_IDENTITY[sdk=iphoneos*]" = "iPhone Developer";
				COPY_PHASE_STRIP = NO;
				DEBUG_INFORMATION_FORMAT = "dwarf-with-dsym";
				ENABLE_NS_ASSERTIONS = NO;
				ENABLE_STRICT_OBJC_MSGSEND = YES;
				GCC_C_LANGUAGE_STANDARD = gnu99;
				GCC_NO_COMMON_BLOCKS = YES;
				GCC_WARN_64_TO_32_BIT_CONVERSION = YES;
				GCC_WARN_ABOUT_RETURN_TYPE = YES_ERROR;
				GCC_WARN_UNDECLARED_SELECTOR = YES;
				GCC_WARN_UNINITIALIZED_AUTOS = YES_AGGRESSIVE;
				GCC_WARN_UNUSED_FUNCTION = YES;
				GCC_WARN_UNUSED_VARIABLE = YES;
				IPHONEOS_DEPLOYMENT_TARGET = 10.2;
				MTL_ENABLE_DEBUG_INFO = NO;
				SDKROOT = iphoneos;
				SWIFT_OPTIMIZATION_LEVEL = "-Owholemodule";
				TARGETED_DEVICE_FAMILY = "1,2";
				VALIDATE_PRODUCT = YES;
			};
			name = Release;
		};
		464EDC501E3FF37D0043402B /* Debug */ = {
			isa = XCBuildConfiguration;
			baseConfigurationReference = 8A455CF00944353DE5E1147B /* Pods-HipaaHealthy.debug.xcconfig */;
			buildSettings = {
				ASSETCATALOG_COMPILER_APPICON_NAME = AppIcon;
				CLANG_ENABLE_MODULES = YES;
				"CODE_SIGN_IDENTITY[sdk=iphoneos*]" = "iPhone Developer";
				DEVELOPMENT_TEAM = FZSAPS42SZ;
				INFOPLIST_FILE = HipaaHealthy/Info.plist;
				LD_RUNPATH_SEARCH_PATHS = "$(inherited) @executable_path/Frameworks";
				PRODUCT_BUNDLE_IDENTIFIER = "CMD-P.HipaaHealthy";
				PRODUCT_NAME = "$(TARGET_NAME)";
				SWIFT_OPTIMIZATION_LEVEL = "-Onone";
				SWIFT_VERSION = 3.0;
			};
			name = Debug;
		};
		464EDC511E3FF37D0043402B /* Release */ = {
			isa = XCBuildConfiguration;
			baseConfigurationReference = 51CDA0E0ACCB0026E9BB65DB /* Pods-HipaaHealthy.release.xcconfig */;
			buildSettings = {
				ASSETCATALOG_COMPILER_APPICON_NAME = AppIcon;
				CLANG_ENABLE_MODULES = YES;
				"CODE_SIGN_IDENTITY[sdk=iphoneos*]" = "iPhone Developer";
				DEVELOPMENT_TEAM = FZSAPS42SZ;
				INFOPLIST_FILE = HipaaHealthy/Info.plist;
				LD_RUNPATH_SEARCH_PATHS = "$(inherited) @executable_path/Frameworks";
				PRODUCT_BUNDLE_IDENTIFIER = "CMD-P.HipaaHealthy";
				PRODUCT_NAME = "$(TARGET_NAME)";
				SWIFT_VERSION = 3.0;
			};
			name = Release;
		};
		464EDC531E3FF37D0043402B /* Debug */ = {
			isa = XCBuildConfiguration;
			baseConfigurationReference = D7CC119E5A894F7795BA35D3 /* Pods-HipaaHealthyTests.debug.xcconfig */;
			buildSettings = {
				ALWAYS_EMBED_SWIFT_STANDARD_LIBRARIES = YES;
				BUNDLE_LOADER = "$(TEST_HOST)";
				DEVELOPMENT_TEAM = FZSAPS42SZ;
				INFOPLIST_FILE = HipaaHealthyTests/Info.plist;
				LD_RUNPATH_SEARCH_PATHS = "$(inherited) @executable_path/Frameworks @loader_path/Frameworks";
				PRODUCT_BUNDLE_IDENTIFIER = "CMD-P.HipaaHealthyTests";
				PRODUCT_NAME = "$(TARGET_NAME)";
				SWIFT_VERSION = 3.0;
				TEST_HOST = "$(BUILT_PRODUCTS_DIR)/HipaaHealthy.app/HipaaHealthy";
			};
			name = Debug;
		};
		464EDC541E3FF37D0043402B /* Release */ = {
			isa = XCBuildConfiguration;
			baseConfigurationReference = 178698774D6D729252246B34 /* Pods-HipaaHealthyTests.release.xcconfig */;
			buildSettings = {
				ALWAYS_EMBED_SWIFT_STANDARD_LIBRARIES = YES;
				BUNDLE_LOADER = "$(TEST_HOST)";
				DEVELOPMENT_TEAM = FZSAPS42SZ;
				INFOPLIST_FILE = HipaaHealthyTests/Info.plist;
				LD_RUNPATH_SEARCH_PATHS = "$(inherited) @executable_path/Frameworks @loader_path/Frameworks";
				PRODUCT_BUNDLE_IDENTIFIER = "CMD-P.HipaaHealthyTests";
				PRODUCT_NAME = "$(TARGET_NAME)";
				SWIFT_VERSION = 3.0;
				TEST_HOST = "$(BUILT_PRODUCTS_DIR)/HipaaHealthy.app/HipaaHealthy";
			};
			name = Release;
		};
		464EDC561E3FF37D0043402B /* Debug */ = {
			isa = XCBuildConfiguration;
			baseConfigurationReference = E11E901E8B3AA7AD007D2505 /* Pods-HipaaHealthyUITests.debug.xcconfig */;
			buildSettings = {
				ALWAYS_EMBED_SWIFT_STANDARD_LIBRARIES = YES;
				DEVELOPMENT_TEAM = FZSAPS42SZ;
				INFOPLIST_FILE = HipaaHealthyUITests/Info.plist;
				LD_RUNPATH_SEARCH_PATHS = "$(inherited) @executable_path/Frameworks @loader_path/Frameworks";
				PRODUCT_BUNDLE_IDENTIFIER = "CMD-P.HipaaHealthyUITests";
				PRODUCT_NAME = "$(TARGET_NAME)";
				SWIFT_VERSION = 3.0;
				TEST_TARGET_NAME = HipaaHealthy;
			};
			name = Debug;
		};
		464EDC571E3FF37D0043402B /* Release */ = {
			isa = XCBuildConfiguration;
			baseConfigurationReference = 75655273F13CDAEB25E73819 /* Pods-HipaaHealthyUITests.release.xcconfig */;
			buildSettings = {
				ALWAYS_EMBED_SWIFT_STANDARD_LIBRARIES = YES;
				DEVELOPMENT_TEAM = FZSAPS42SZ;
				INFOPLIST_FILE = HipaaHealthyUITests/Info.plist;
				LD_RUNPATH_SEARCH_PATHS = "$(inherited) @executable_path/Frameworks @loader_path/Frameworks";
				PRODUCT_BUNDLE_IDENTIFIER = "CMD-P.HipaaHealthyUITests";
				PRODUCT_NAME = "$(TARGET_NAME)";
				SWIFT_VERSION = 3.0;
				TEST_TARGET_NAME = HipaaHealthy;
			};
			name = Release;
		};
/* End XCBuildConfiguration section */

/* Begin XCConfigurationList section */
		464EDC221E3FF37C0043402B /* Build configuration list for PBXProject "HipaaHealthy" */ = {
			isa = XCConfigurationList;
			buildConfigurations = (
				464EDC4D1E3FF37D0043402B /* Debug */,
				464EDC4E1E3FF37D0043402B /* Release */,
			);
			defaultConfigurationIsVisible = 0;
			defaultConfigurationName = Release;
		};
		464EDC4F1E3FF37D0043402B /* Build configuration list for PBXNativeTarget "HipaaHealthy" */ = {
			isa = XCConfigurationList;
			buildConfigurations = (
				464EDC501E3FF37D0043402B /* Debug */,
				464EDC511E3FF37D0043402B /* Release */,
			);
			defaultConfigurationIsVisible = 0;
			defaultConfigurationName = Release;
		};
		464EDC521E3FF37D0043402B /* Build configuration list for PBXNativeTarget "HipaaHealthyTests" */ = {
			isa = XCConfigurationList;
			buildConfigurations = (
				464EDC531E3FF37D0043402B /* Debug */,
				464EDC541E3FF37D0043402B /* Release */,
			);
			defaultConfigurationIsVisible = 0;
			defaultConfigurationName = Release;
		};
		464EDC551E3FF37D0043402B /* Build configuration list for PBXNativeTarget "HipaaHealthyUITests" */ = {
			isa = XCConfigurationList;
			buildConfigurations = (
				464EDC561E3FF37D0043402B /* Debug */,
				464EDC571E3FF37D0043402B /* Release */,
			);
			defaultConfigurationIsVisible = 0;
			defaultConfigurationName = Release;
		};
/* End XCConfigurationList section */
	};
	rootObject = 464EDC1F1E3FF37C0043402B /* Project object */;
}
